// !$*UTF8*$!
{
	archiveVersion = 1;
	classes = {
	};
	objectVersion = 50;
	objects = {

/* Begin PBXBuildFile section */
		04E6C8FF228AD4F000D9EE00 /* AppDelegate.swift in Sources */ = {isa = PBXBuildFile; fileRef = 04E6C8FE228AD4F000D9EE00 /* AppDelegate.swift */; };
		04E6C901228AD4F000D9EE00 /* ViewController.swift in Sources */ = {isa = PBXBuildFile; fileRef = 04E6C900228AD4F000D9EE00 /* ViewController.swift */; };
		04E6C904228AD4F000D9EE00 /* Main.storyboard in Resources */ = {isa = PBXBuildFile; fileRef = 04E6C902228AD4F000D9EE00 /* Main.storyboard */; };
		04E6C906228AD4F100D9EE00 /* Assets.xcassets in Resources */ = {isa = PBXBuildFile; fileRef = 04E6C905228AD4F100D9EE00 /* Assets.xcassets */; };
		04E6C909228AD4F100D9EE00 /* LaunchScreen.storyboard in Resources */ = {isa = PBXBuildFile; fileRef = 04E6C907228AD4F100D9EE00 /* LaunchScreen.storyboard */; };
		04E6C914228AD4F100D9EE00 /* PlinkTests.swift in Sources */ = {isa = PBXBuildFile; fileRef = 04E6C913228AD4F100D9EE00 /* PlinkTests.swift */; };
		04E6C91F228AD4F100D9EE00 /* PlinkUITests.swift in Sources */ = {isa = PBXBuildFile; fileRef = 04E6C91E228AD4F100D9EE00 /* PlinkUITests.swift */; };
/* End PBXBuildFile section */

/* Begin PBXContainerItemProxy section */
		04E6C910228AD4F100D9EE00 /* PBXContainerItemProxy */ = {
			isa = PBXContainerItemProxy;
			containerPortal = 04E6C8F3228AD4F000D9EE00 /* Project object */;
			proxyType = 1;
			remoteGlobalIDString = 04E6C8FA228AD4F000D9EE00;
			remoteInfo = Plink;
		};
		04E6C91B228AD4F100D9EE00 /* PBXContainerItemProxy */ = {
			isa = PBXContainerItemProxy;
			containerPortal = 04E6C8F3228AD4F000D9EE00 /* Project object */;
			proxyType = 1;
			remoteGlobalIDString = 04E6C8FA228AD4F000D9EE00;
			remoteInfo = Plink;
		};
/* End PBXContainerItemProxy section */

/* Begin PBXFileReference section */
		04E6C8FB228AD4F000D9EE00 /* Plink.app */ = {isa = PBXFileReference; explicitFileType = wrapper.application; includeInIndex = 0; path = Plink.app; sourceTree = BUILT_PRODUCTS_DIR; };
		04E6C8FE228AD4F000D9EE00 /* AppDelegate.swift */ = {isa = PBXFileReference; lastKnownFileType = sourcecode.swift; path = AppDelegate.swift; sourceTree = "<group>"; };
		04E6C900228AD4F000D9EE00 /* ViewController.swift */ = {isa = PBXFileReference; lastKnownFileType = sourcecode.swift; path = ViewController.swift; sourceTree = "<group>"; };
		04E6C903228AD4F000D9EE00 /* Base */ = {isa = PBXFileReference; lastKnownFileType = file.storyboard; name = Base; path = Base.lproj/Main.storyboard; sourceTree = "<group>"; };
		04E6C905228AD4F100D9EE00 /* Assets.xcassets */ = {isa = PBXFileReference; lastKnownFileType = folder.assetcatalog; path = Assets.xcassets; sourceTree = "<group>"; };
		04E6C908228AD4F100D9EE00 /* Base */ = {isa = PBXFileReference; lastKnownFileType = file.storyboard; name = Base; path = Base.lproj/LaunchScreen.storyboard; sourceTree = "<group>"; };
		04E6C90A228AD4F100D9EE00 /* Info.plist */ = {isa = PBXFileReference; lastKnownFileType = text.plist.xml; path = Info.plist; sourceTree = "<group>"; };
		04E6C90F228AD4F100D9EE00 /* PlinkTests.xctest */ = {isa = PBXFileReference; explicitFileType = wrapper.cfbundle; includeInIndex = 0; path = PlinkTests.xctest; sourceTree = BUILT_PRODUCTS_DIR; };
		04E6C913228AD4F100D9EE00 /* PlinkTests.swift */ = {isa = PBXFileReference; lastKnownFileType = sourcecode.swift; path = PlinkTests.swift; sourceTree = "<group>"; };
		04E6C915228AD4F100D9EE00 /* Info.plist */ = {isa = PBXFileReference; lastKnownFileType = text.plist.xml; path = Info.plist; sourceTree = "<group>"; };
		04E6C91A228AD4F100D9EE00 /* PlinkUITests.xctest */ = {isa = PBXFileReference; explicitFileType = wrapper.cfbundle; includeInIndex = 0; path = PlinkUITests.xctest; sourceTree = BUILT_PRODUCTS_DIR; };
		04E6C91E228AD4F100D9EE00 /* PlinkUITests.swift */ = {isa = PBXFileReference; lastKnownFileType = sourcecode.swift; path = PlinkUITests.swift; sourceTree = "<group>"; };
		04E6C920228AD4F100D9EE00 /* Info.plist */ = {isa = PBXFileReference; lastKnownFileType = text.plist.xml; path = Info.plist; sourceTree = "<group>"; };
/* End PBXFileReference section */

/* Begin PBXFrameworksBuildPhase section */
		04E6C8F8228AD4F000D9EE00 /* Frameworks */ = {
			isa = PBXFrameworksBuildPhase;
			buildActionMask = 2147483647;
			files = (
			);
			runOnlyForDeploymentPostprocessing = 0;
		};
		04E6C90C228AD4F100D9EE00 /* Frameworks */ = {
			isa = PBXFrameworksBuildPhase;
			buildActionMask = 2147483647;
			files = (
			);
			runOnlyForDeploymentPostprocessing = 0;
		};
		04E6C917228AD4F100D9EE00 /* Frameworks */ = {
			isa = PBXFrameworksBuildPhase;
			buildActionMask = 2147483647;
			files = (
			);
			runOnlyForDeploymentPostprocessing = 0;
		};
/* End PBXFrameworksBuildPhase section */

/* Begin PBXGroup section */
		04E6C8F2228AD4F000D9EE00 = {
			isa = PBXGroup;
			children = (
				04E6C8FD228AD4F000D9EE00 /* Plink */,
				04E6C912228AD4F100D9EE00 /* PlinkTests */,
				04E6C91D228AD4F100D9EE00 /* PlinkUITests */,
				04E6C8FC228AD4F000D9EE00 /* Products */,
			);
			sourceTree = "<group>";
		};
		04E6C8FC228AD4F000D9EE00 /* Products */ = {
			isa = PBXGroup;
			children = (
				04E6C8FB228AD4F000D9EE00 /* Plink.app */,
				04E6C90F228AD4F100D9EE00 /* PlinkTests.xctest */,
				04E6C91A228AD4F100D9EE00 /* PlinkUITests.xctest */,
			);
			name = Products;
			sourceTree = "<group>";
		};
		04E6C8FD228AD4F000D9EE00 /* Plink */ = {
			isa = PBXGroup;
			children = (
				04E6C8FE228AD4F000D9EE00 /* AppDelegate.swift */,
				04E6C900228AD4F000D9EE00 /* ViewController.swift */,
				04E6C902228AD4F000D9EE00 /* Main.storyboard */,
				04E6C905228AD4F100D9EE00 /* Assets.xcassets */,
				04E6C907228AD4F100D9EE00 /* LaunchScreen.storyboard */,
				04E6C90A228AD4F100D9EE00 /* Info.plist */,
			);
			path = Plink;
			sourceTree = "<group>";
		};
		04E6C912228AD4F100D9EE00 /* PlinkTests */ = {
			isa = PBXGroup;
			children = (
				04E6C913228AD4F100D9EE00 /* PlinkTests.swift */,
				04E6C915228AD4F100D9EE00 /* Info.plist */,
			);
			path = PlinkTests;
			sourceTree = "<group>";
		};
		04E6C91D228AD4F100D9EE00 /* PlinkUITests */ = {
			isa = PBXGroup;
			children = (
				04E6C91E228AD4F100D9EE00 /* PlinkUITests.swift */,
				04E6C920228AD4F100D9EE00 /* Info.plist */,
			);
			path = PlinkUITests;
			sourceTree = "<group>";
		};
/* End PBXGroup section */

/* Begin PBXNativeTarget section */
		04E6C8FA228AD4F000D9EE00 /* Plink */ = {
			isa = PBXNativeTarget;
			buildConfigurationList = 04E6C923228AD4F100D9EE00 /* Build configuration list for PBXNativeTarget "Plink" */;
			buildPhases = (
				04E6C8F7228AD4F000D9EE00 /* Sources */,
				04E6C8F8228AD4F000D9EE00 /* Frameworks */,
				04E6C8F9228AD4F000D9EE00 /* Resources */,
			);
			buildRules = (
			);
			dependencies = (
			);
			name = Plink;
			productName = Plink;
			productReference = 04E6C8FB228AD4F000D9EE00 /* Plink.app */;
			productType = "com.apple.product-type.application";
		};
		04E6C90E228AD4F100D9EE00 /* PlinkTests */ = {
			isa = PBXNativeTarget;
			buildConfigurationList = 04E6C926228AD4F100D9EE00 /* Build configuration list for PBXNativeTarget "PlinkTests" */;
			buildPhases = (
				04E6C90B228AD4F100D9EE00 /* Sources */,
				04E6C90C228AD4F100D9EE00 /* Frameworks */,
				04E6C90D228AD4F100D9EE00 /* Resources */,
			);
			buildRules = (
			);
			dependencies = (
				04E6C911228AD4F100D9EE00 /* PBXTargetDependency */,
			);
			name = PlinkTests;
			productName = PlinkTests;
			productReference = 04E6C90F228AD4F100D9EE00 /* PlinkTests.xctest */;
			productType = "com.apple.product-type.bundle.unit-test";
		};
		04E6C919228AD4F100D9EE00 /* PlinkUITests */ = {
			isa = PBXNativeTarget;
			buildConfigurationList = 04E6C929228AD4F100D9EE00 /* Build configuration list for PBXNativeTarget "PlinkUITests" */;
			buildPhases = (
				04E6C916228AD4F100D9EE00 /* Sources */,
				04E6C917228AD4F100D9EE00 /* Frameworks */,
				04E6C918228AD4F100D9EE00 /* Resources */,
			);
			buildRules = (
			);
			dependencies = (
				04E6C91C228AD4F100D9EE00 /* PBXTargetDependency */,
			);
			name = PlinkUITests;
			productName = PlinkUITests;
			productReference = 04E6C91A228AD4F100D9EE00 /* PlinkUITests.xctest */;
			productType = "com.apple.product-type.bundle.ui-testing";
		};
/* End PBXNativeTarget section */

/* Begin PBXProject section */
		04E6C8F3228AD4F000D9EE00 /* Project object */ = {
			isa = PBXProject;
			attributes = {
				LastSwiftUpdateCheck = 1010;
				LastUpgradeCheck = 1010;
				ORGANIZATIONNAME = "鈴木公章";
				TargetAttributes = {
					04E6C8FA228AD4F000D9EE00 = {
						CreatedOnToolsVersion = 10.1;
					};
					04E6C90E228AD4F100D9EE00 = {
						CreatedOnToolsVersion = 10.1;
						TestTargetID = 04E6C8FA228AD4F000D9EE00;
					};
					04E6C919228AD4F100D9EE00 = {
						CreatedOnToolsVersion = 10.1;
						TestTargetID = 04E6C8FA228AD4F000D9EE00;
					};
				};
			};
			buildConfigurationList = 04E6C8F6228AD4F000D9EE00 /* Build configuration list for PBXProject "Plink" */;
			compatibilityVersion = "Xcode 9.3";
			developmentRegion = en;
			hasScannedForEncodings = 0;
			knownRegions = (
				en,
				Base,
			);
			mainGroup = 04E6C8F2228AD4F000D9EE00;
			productRefGroup = 04E6C8FC228AD4F000D9EE00 /* Products */;
			projectDirPath = "";
			projectRoot = "";
			targets = (
				04E6C8FA228AD4F000D9EE00 /* Plink */,
				04E6C90E228AD4F100D9EE00 /* PlinkTests */,
				04E6C919228AD4F100D9EE00 /* PlinkUITests */,
			);
		};
/* End PBXProject section */

/* Begin PBXResourcesBuildPhase section */
		04E6C8F9228AD4F000D9EE00 /* Resources */ = {
			isa = PBXResourcesBuildPhase;
			buildActionMask = 2147483647;
			files = (
				04E6C909228AD4F100D9EE00 /* LaunchScreen.storyboard in Resources */,
				04E6C906228AD4F100D9EE00 /* Assets.xcassets in Resources */,
				04E6C904228AD4F000D9EE00 /* Main.storyboard in Resources */,
			);
			runOnlyForDeploymentPostprocessing = 0;
		};
		04E6C90D228AD4F100D9EE00 /* Resources */ = {
			isa = PBXResourcesBuildPhase;
			buildActionMask = 2147483647;
			files = (
			);
			runOnlyForDeploymentPostprocessing = 0;
		};
		04E6C918228AD4F100D9EE00 /* Resources */ = {
			isa = PBXResourcesBuildPhase;
			buildActionMask = 2147483647;
			files = (
			);
			runOnlyForDeploymentPostprocessing = 0;
		};
/* End PBXResourcesBuildPhase section */

/* Begin PBXSourcesBuildPhase section */
		04E6C8F7228AD4F000D9EE00 /* Sources */ = {
			isa = PBXSourcesBuildPhase;
			buildActionMask = 2147483647;
			files = (
				04E6C901228AD4F000D9EE00 /* ViewController.swift in Sources */,
				04E6C8FF228AD4F000D9EE00 /* AppDelegate.swift in Sources */,
			);
			runOnlyForDeploymentPostprocessing = 0;
		};
		04E6C90B228AD4F100D9EE00 /* Sources */ = {
			isa = PBXSourcesBuildPhase;
			buildActionMask = 2147483647;
			files = (
				04E6C914228AD4F100D9EE00 /* PlinkTests.swift in Sources */,
			);
			runOnlyForDeploymentPostprocessing = 0;
		};
		04E6C916228AD4F100D9EE00 /* Sources */ = {
			isa = PBXSourcesBuildPhase;
			buildActionMask = 2147483647;
			files = (
				04E6C91F228AD4F100D9EE00 /* PlinkUITests.swift in Sources */,
			);
			runOnlyForDeploymentPostprocessing = 0;
		};
/* End PBXSourcesBuildPhase section */

/* Begin PBXTargetDependency section */
		04E6C911228AD4F100D9EE00 /* PBXTargetDependency */ = {
			isa = PBXTargetDependency;
			target = 04E6C8FA228AD4F000D9EE00 /* Plink */;
			targetProxy = 04E6C910228AD4F100D9EE00 /* PBXContainerItemProxy */;
		};
		04E6C91C228AD4F100D9EE00 /* PBXTargetDependency */ = {
			isa = PBXTargetDependency;
			target = 04E6C8FA228AD4F000D9EE00 /* Plink */;
			targetProxy = 04E6C91B228AD4F100D9EE00 /* PBXContainerItemProxy */;
		};
/* End PBXTargetDependency section */

/* Begin PBXVariantGroup section */
		04E6C902228AD4F000D9EE00 /* Main.storyboard */ = {
			isa = PBXVariantGroup;
			children = (
				04E6C903228AD4F000D9EE00 /* Base */,
			);
			name = Main.storyboard;
			sourceTree = "<group>";
		};
		04E6C907228AD4F100D9EE00 /* LaunchScreen.storyboard */ = {
			isa = PBXVariantGroup;
			children = (
				04E6C908228AD4F100D9EE00 /* Base */,
			);
			name = LaunchScreen.storyboard;
			sourceTree = "<group>";
		};
/* End PBXVariantGroup section */

/* Begin XCBuildConfiguration section */
		04E6C921228AD4F100D9EE00 /* Debug */ = {
			isa = XCBuildConfiguration;
			buildSettings = {
				ALWAYS_SEARCH_USER_PATHS = NO;
				CLANG_ANALYZER_NONNULL = YES;
				CLANG_ANALYZER_NUMBER_OBJECT_CONVERSION = YES_AGGRESSIVE;
				CLANG_CXX_LANGUAGE_STANDARD = "gnu++14";
				CLANG_CXX_LIBRARY = "libc++";
				CLANG_ENABLE_MODULES = YES;
				CLANG_ENABLE_OBJC_ARC = YES;
				CLANG_ENABLE_OBJC_WEAK = YES;
				CLANG_WARN_BLOCK_CAPTURE_AUTORELEASING = YES;
				CLANG_WARN_BOOL_CONVERSION = YES;
				CLANG_WARN_COMMA = YES;
				CLANG_WARN_CONSTANT_CONVERSION = YES;
				CLANG_WARN_DEPRECATED_OBJC_IMPLEMENTATIONS = YES;
				CLANG_WARN_DIRECT_OBJC_ISA_USAGE = YES_ERROR;
				CLANG_WARN_DOCUMENTATION_COMMENTS = YES;
				CLANG_WARN_EMPTY_BODY = YES;
				CLANG_WARN_ENUM_CONVERSION = YES;
				CLANG_WARN_INFINITE_RECURSION = YES;
				CLANG_WARN_INT_CONVERSION = YES;
				CLANG_WARN_NON_LITERAL_NULL_CONVERSION = YES;
				CLANG_WARN_OBJC_IMPLICIT_RETAIN_SELF = YES;
				CLANG_WARN_OBJC_LITERAL_CONVERSION = YES;
				CLANG_WARN_OBJC_ROOT_CLASS = YES_ERROR;
				CLANG_WARN_RANGE_LOOP_ANALYSIS = YES;
				CLANG_WARN_STRICT_PROTOTYPES = YES;
				CLANG_WARN_SUSPICIOUS_MOVE = YES;
				CLANG_WARN_UNGUARDED_AVAILABILITY = YES_AGGRESSIVE;
				CLANG_WARN_UNREACHABLE_CODE = YES;
				CLANG_WARN__DUPLICATE_METHOD_MATCH = YES;
				CODE_SIGN_IDENTITY = "iPhone Developer";
				COPY_PHASE_STRIP = NO;
				DEBUG_INFORMATION_FORMAT = dwarf;
				ENABLE_STRICT_OBJC_MSGSEND = YES;
				ENABLE_TESTABILITY = YES;
				GCC_C_LANGUAGE_STANDARD = gnu11;
				GCC_DYNAMIC_NO_PIC = NO;
				GCC_NO_COMMON_BLOCKS = YES;
				GCC_OPTIMIZATION_LEVEL = 0;
				GCC_PREPROCESSOR_DEFINITIONS = (
					"DEBUG=1",
					"$(inherited)",
				);
				GCC_WARN_64_TO_32_BIT_CONVERSION = YES;
				GCC_WARN_ABOUT_RETURN_TYPE = YES_ERROR;
				GCC_WARN_UNDECLARED_SELECTOR = YES;
				GCC_WARN_UNINITIALIZED_AUTOS = YES_AGGRESSIVE;
				GCC_WARN_UNUSED_FUNCTION = YES;
				GCC_WARN_UNUSED_VARIABLE = YES;
				IPHONEOS_DEPLOYMENT_TARGET = 12.1;
				MTL_ENABLE_DEBUG_INFO = INCLUDE_SOURCE;
				MTL_FAST_MATH = YES;
				ONLY_ACTIVE_ARCH = YES;
				SDKROOT = iphoneos;
				SWIFT_ACTIVE_COMPILATION_CONDITIONS = DEBUG;
				SWIFT_OPTIMIZATION_LEVEL = "-Onone";
			};
			name = Debug;
		};
		04E6C922228AD4F100D9EE00 /* Release */ = {
			isa = XCBuildConfiguration;
			buildSettings = {
				ALWAYS_SEARCH_USER_PATHS = NO;
				CLANG_ANALYZER_NONNULL = YES;
				CLANG_ANALYZER_NUMBER_OBJECT_CONVERSION = YES_AGGRESSIVE;
				CLANG_CXX_LANGUAGE_STANDARD = "gnu++14";
				CLANG_CXX_LIBRARY = "libc++";
				CLANG_ENABLE_MODULES = YES;
				CLANG_ENABLE_OBJC_ARC = YES;
				CLANG_ENABLE_OBJC_WEAK = YES;
				CLANG_WARN_BLOCK_CAPTURE_AUTORELEASING = YES;
				CLANG_WARN_BOOL_CONVERSION = YES;
				CLANG_WARN_COMMA = YES;
				CLANG_WARN_CONSTANT_CONVERSION = YES;
				CLANG_WARN_DEPRECATED_OBJC_IMPLEMENTATIONS = YES;
				CLANG_WARN_DIRECT_OBJC_ISA_USAGE = YES_ERROR;
				CLANG_WARN_DOCUMENTATION_COMMENTS = YES;
				CLANG_WARN_EMPTY_BODY = YES;
				CLANG_WARN_ENUM_CONVERSION = YES;
				CLANG_WARN_INFINITE_RECURSION = YES;
				CLANG_WARN_INT_CONVERSION = YES;
				CLANG_WARN_NON_LITERAL_NULL_CONVERSION = YES;
				CLANG_WARN_OBJC_IMPLICIT_RETAIN_SELF = YES;
				CLANG_WARN_OBJC_LITERAL_CONVERSION = YES;
				CLANG_WARN_OBJC_ROOT_CLASS = YES_ERROR;
				CLANG_WARN_RANGE_LOOP_ANALYSIS = YES;
				CLANG_WARN_STRICT_PROTOTYPES = YES;
				CLANG_WARN_SUSPICIOUS_MOVE = YES;
				CLANG_WARN_UNGUARDED_AVAILABILITY = YES_AGGRESSIVE;
				CLANG_WARN_UNREACHABLE_CODE = YES;
				CLANG_WARN__DUPLICATE_METHOD_MATCH = YES;
				CODE_SIGN_IDENTITY = "iPhone Developer";
				COPY_PHASE_STRIP = NO;
				DEBUG_INFORMATION_FORMAT = "dwarf-with-dsym";
				ENABLE_NS_ASSERTIONS = NO;
				ENABLE_STRICT_OBJC_MSGSEND = YES;
				GCC_C_LANGUAGE_STANDARD = gnu11;
				GCC_NO_COMMON_BLOCKS = YES;
				GCC_WARN_64_TO_32_BIT_CONVERSION = YES;
				GCC_WARN_ABOUT_RETURN_TYPE = YES_ERROR;
				GCC_WARN_UNDECLARED_SELECTOR = YES;
				GCC_WARN_UNINITIALIZED_AUTOS = YES_AGGRESSIVE;
				GCC_WARN_UNUSED_FUNCTION = YES;
				GCC_WARN_UNUSED_VARIABLE = YES;
				IPHONEOS_DEPLOYMENT_TARGET = 12.1;
				MTL_ENABLE_DEBUG_INFO = NO;
				MTL_FAST_MATH = YES;
				SDKROOT = iphoneos;
				SWIFT_COMPILATION_MODE = wholemodule;
				SWIFT_OPTIMIZATION_LEVEL = "-O";
				VALIDATE_PRODUCT = YES;
			};
			name = Release;
		};
		04E6C924228AD4F100D9EE00 /* Debug */ = {
			isa = XCBuildConfiguration;
			buildSettings = {
				ASSETCATALOG_COMPILER_APPICON_NAME = AppIcon;
				CODE_SIGN_STYLE = Automatic;
				DEVELOPMENT_TEAM = T437ZHEFQU;
				INFOPLIST_FILE = Plink/Info.plist;
				LD_RUNPATH_SEARCH_PATHS = (
					"$(inherited)",
					"@executable_path/Frameworks",
				);
				PRODUCT_BUNDLE_IDENTIFIER = kimiaki.Plink;
				PRODUCT_NAME = "$(TARGET_NAME)";
				SWIFT_VERSION = 4.2;
				TARGETED_DEVICE_FAMILY = "1,2";
			};
			name = Debug;
		};
		04E6C925228AD4F100D9EE00 /* Release */ = {
			isa = XCBuildConfiguration;
			buildSettings = {
				ASSETCATALOG_COMPILER_APPICON_NAME = AppIcon;
				CODE_SIGN_STYLE = Automatic;
				DEVELOPMENT_TEAM = T437ZHEFQU;
				INFOPLIST_FILE = Plink/Info.plist;
				LD_RUNPATH_SEARCH_PATHS = (
					"$(inherited)",
					"@executable_path/Frameworks",
				);
				PRODUCT_BUNDLE_IDENTIFIER = kimiaki.Plink;
				PRODUCT_NAME = "$(TARGET_NAME)";
				SWIFT_VERSION = 4.2;
				TARGETED_DEVICE_FAMILY = "1,2";
			};
			name = Release;
		};
		04E6C927228AD4F100D9EE00 /* Debug */ = {
			isa = XCBuildConfiguration;
			buildSettings = {
				ALWAYS_EMBED_SWIFT_STANDARD_LIBRARIES = YES;
				BUNDLE_LOADER = "$(TEST_HOST)";
				CODE_SIGN_STYLE = Automatic;
				DEVELOPMENT_TEAM = T437ZHEFQU;
				INFOPLIST_FILE = PlinkTests/Info.plist;
				LD_RUNPATH_SEARCH_PATHS = (
					"$(inherited)",
					"@executable_path/Frameworks",
					"@loader_path/Frameworks",
				);
				PRODUCT_BUNDLE_IDENTIFIER = kimiaki.PlinkTests;
				PRODUCT_NAME = "$(TARGET_NAME)";
				SWIFT_VERSION = 4.2;
				TARGETED_DEVICE_FAMILY = "1,2";
				TEST_HOST = "$(BUILT_PRODUCTS_DIR)/Plink.app/Plink";
			};
			name = Debug;
		};
		04E6C928228AD4F100D9EE00 /* Release */ = {
			isa = XCBuildConfiguration;
			buildSettings = {
				ALWAYS_EMBED_SWIFT_STANDARD_LIBRARIES = YES;
				BUNDLE_LOADER = "$(TEST_HOST)";
				CODE_SIGN_STYLE = Automatic;
				DEVELOPMENT_TEAM = T437ZHEFQU;
				INFOPLIST_FILE = PlinkTests/Info.plist;
				LD_RUNPATH_SEARCH_PATHS = (
					"$(inherited)",
					"@executable_path/Frameworks",
					"@loader_path/Frameworks",
				);
				PRODUCT_BUNDLE_IDENTIFIER = kimiaki.PlinkTests;
				PRODUCT_NAME = "$(TARGET_NAME)";
				SWIFT_VERSION = 4.2;
				TARGETED_DEVICE_FAMILY = "1,2";
				TEST_HOST = "$(BUILT_PRODUCTS_DIR)/Plink.app/Plink";
			};
			name = Release;
		};
		04E6C92A228AD4F100D9EE00 /* Debug */ = {
			isa = XCBuildConfiguration;
			buildSettings = {
				ALWAYS_EMBED_SWIFT_STANDARD_LIBRARIES = YES;
				CODE_SIGN_STYLE = Automatic;
				DEVELOPMENT_TEAM = T437ZHEFQU;
				INFOPLIST_FILE = PlinkUITests/Info.plist;
				LD_RUNPATH_SEARCH_PATHS = (
					"$(inherited)",
					"@executable_path/Frameworks",
					"@loader_path/Frameworks",
				);
				PRODUCT_BUNDLE_IDENTIFIER = kimiaki.PlinkUITests;
				PRODUCT_NAME = "$(TARGET_NAME)";
				SWIFT_VERSION = 4.2;
				TARGETED_DEVICE_FAMILY = "1,2";
				TEST_TARGET_NAME = Plink;
			};
			name = Debug;
		};
		04E6C92B228AD4F100D9EE00 /* Release */ = {
			isa = XCBuildConfiguration;
			buildSettings = {
				ALWAYS_EMBED_SWIFT_STANDARD_LIBRARIES = YES;
				CODE_SIGN_STYLE = Automatic;
				DEVELOPMENT_TEAM = T437ZHEFQU;
				INFOPLIST_FILE = PlinkUITests/Info.plist;
				LD_RUNPATH_SEARCH_PATHS = (
					"$(inherited)",
					"@executable_path/Frameworks",
					"@loader_path/Frameworks",
				);
				PRODUCT_BUNDLE_IDENTIFIER = kimiaki.PlinkUITests;
				PRODUCT_NAME = "$(TARGET_NAME)";
				SWIFT_VERSION = 4.2;
				TARGETED_DEVICE_FAMILY = "1,2";
				TEST_TARGET_NAME = Plink;
			};
			name = Release;
		};
/* End XCBuildConfiguration section */

/* Begin XCConfigurationList section */
		04E6C8F6228AD4F000D9EE00 /* Build configuration list for PBXProject "Plink" */ = {
			isa = XCConfigurationList;
			buildConfigurations = (
				04E6C921228AD4F100D9EE00 /* Debug */,
				04E6C922228AD4F100D9EE00 /* Release */,
			);
			defaultConfigurationIsVisible = 0;
			defaultConfigurationName = Release;
		};
		04E6C923228AD4F100D9EE00 /* Build configuration list for PBXNativeTarget "Plink" */ = {
			isa = XCConfigurationList;
			buildConfigurations = (
				04E6C924228AD4F100D9EE00 /* Debug */,
				04E6C925228AD4F100D9EE00 /* Release */,
			);
			defaultConfigurationIsVisible = 0;
			defaultConfigurationName = Release;
		};
		04E6C926228AD4F100D9EE00 /* Build configuration list for PBXNativeTarget "PlinkTests" */ = {
			isa = XCConfigurationList;
			buildConfigurations = (
				04E6C927228AD4F100D9EE00 /* Debug */,
				04E6C928228AD4F100D9EE00 /* Release */,
			);
			defaultConfigurationIsVisible = 0;
			defaultConfigurationName = Release;
		};
		04E6C929228AD4F100D9EE00 /* Build configuration list for PBXNativeTarget "PlinkUITests" */ = {
			isa = XCConfigurationList;
			buildConfigurations = (
				04E6C92A228AD4F100D9EE00 /* Debug */,
				04E6C92B228AD4F100D9EE00 /* Release */,
			);
			defaultConfigurationIsVisible = 0;
			defaultConfigurationName = Release;
		};
/* End XCConfigurationList section */
	};
	rootObject = 04E6C8F3228AD4F000D9EE00 /* Project object */;
}
